{
  "originHash" : "b34dd406897d089210183849767ba6d52094a6bb840c52f688fa7f9239fab182",
  "pins" : [
    {
      "identity" : "cachedasyncimage",
      "kind" : "remoteSourceControl",
      "location" : "https://github.com/0xWDG/CachedAsyncImage.git",
      "state" : {
        "branch" : "main",
        "revision" : "dc730bb98ebf87a43a57e18764aad818daf1ad6c"
      }
    }
  ],
  "version" : 3
}
