{
  "originHash" : "203d3dd3076363716b5c7c6f9bcad71fa908ebf5d22ec97666392e8b6998fa2d",
  "pins" : [
    {
      "identity" : "cachedasyncimage",
      "kind" : "remoteSourceControl",
      "location" : "https://github.com/0xWDG/CachedAsyncImage.git",
      "state" : {
        "branch" : "main",
        "revision" : "dc730bb98ebf87a43a57e18764aad818daf1ad6c"
      }
    }
  ],
  "version" : 3
}
